// !$*UTF8*$!
{
	archiveVersion = 1;
	classes = {
	};
	objectVersion = 46;
	objects = {

/* Begin PBXBuildFile section */
		809CACB119CA9FCA00FA63B8 /* Foundation.framework in Frameworks */ = {isa = PBXBuildFile; fileRef = 809CACB019CA9FCA00FA63B8 /* Foundation.framework */; };
		809CACB319CA9FCA00FA63B8 /* CoreGraphics.framework in Frameworks */ = {isa = PBXBuildFile; fileRef = 809CACB219CA9FCA00FA63B8 /* CoreGraphics.framework */; };
		809CACB519CA9FCA00FA63B8 /* UIKit.framework in Frameworks */ = {isa = PBXBuildFile; fileRef = 809CACB419CA9FCA00FA63B8 /* UIKit.framework */; };
		809CACBB19CA9FCA00FA63B8 /* InfoPlist.strings in Resources */ = {isa = PBXBuildFile; fileRef = 809CACB919CA9FCA00FA63B8 /* InfoPlist.strings */; };
		809CACBD19CA9FCA00FA63B8 /* main.m in Sources */ = {isa = PBXBuildFile; fileRef = 809CACBC19CA9FCA00FA63B8 /* main.m */; };
		809CACC119CA9FCA00FA63B8 /* com_petarnedyalkovAppDelegate.m in Sources */ = {isa = PBXBuildFile; fileRef = 809CACC019CA9FCA00FA63B8 /* com_petarnedyalkovAppDelegate.m */; };
		809CACC319CA9FCA00FA63B8 /* Images.xcassets in Resources */ = {isa = PBXBuildFile; fileRef = 809CACC219CA9FCA00FA63B8 /* Images.xcassets */; };
		809CACCA19CA9FCA00FA63B8 /* XCTest.framework in Frameworks */ = {isa = PBXBuildFile; fileRef = 809CACC919CA9FCA00FA63B8 /* XCTest.framework */; };
		809CACCB19CA9FCA00FA63B8 /* Foundation.framework in Frameworks */ = {isa = PBXBuildFile; fileRef = 809CACB019CA9FCA00FA63B8 /* Foundation.framework */; };
		809CACCC19CA9FCA00FA63B8 /* UIKit.framework in Frameworks */ = {isa = PBXBuildFile; fileRef = 809CACB419CA9FCA00FA63B8 /* UIKit.framework */; };
		809CACD419CA9FCA00FA63B8 /* InfoPlist.strings in Resources */ = {isa = PBXBuildFile; fileRef = 809CACD219CA9FCA00FA63B8 /* InfoPlist.strings */; };
		809CACD619CA9FCA00FA63B8 /* PetarDemoTests.m in Sources */ = {isa = PBXBuildFile; fileRef = 809CACD519CA9FCA00FA63B8 /* PetarDemoTests.m */; };
/* End PBXBuildFile section */

/* Begin PBXContainerItemProxy section */
		809CACCD19CA9FCA00FA63B8 /* PBXContainerItemProxy */ = {
			isa = PBXContainerItemProxy;
			containerPortal = 809CACA519CA9FCA00FA63B8 /* Project object */;
			proxyType = 1;
			remoteGlobalIDString = 809CACAC19CA9FCA00FA63B8;
			remoteInfo = PetarDemo;
		};
/* End PBXContainerItemProxy section */

/* Begin PBXFileReference section */
		809CACAD19CA9FCA00FA63B8 /* PetarDemo.app */ = {isa = PBXFileReference; explicitFileType = wrapper.application; includeInIndex = 0; path = PetarDemo.app; sourceTree = BUILT_PRODUCTS_DIR; };
		809CACB019CA9FCA00FA63B8 /* Foundation.framework */ = {isa = PBXFileReference; lastKnownFileType = wrapper.framework; name = Foundation.framework; path = System/Library/Frameworks/Foundation.framework; sourceTree = SDKROOT; };
		809CACB219CA9FCA00FA63B8 /* CoreGraphics.framework */ = {isa = PBXFileReference; lastKnownFileType = wrapper.framework; name = CoreGraphics.framework; path = System/Library/Frameworks/CoreGraphics.framework; sourceTree = SDKROOT; };
		809CACB419CA9FCA00FA63B8 /* UIKit.framework */ = {isa = PBXFileReference; lastKnownFileType = wrapper.framework; name = UIKit.framework; path = System/Library/Frameworks/UIKit.framework; sourceTree = SDKROOT; };
		809CACB819CA9FCA00FA63B8 /* PetarDemo-Info.plist */ = {isa = PBXFileReference; lastKnownFileType = text.plist.xml; path = "PetarDemo-Info.plist"; sourceTree = "<group>"; };
		809CACBA19CA9FCA00FA63B8 /* en */ = {isa = PBXFileReference; lastKnownFileType = text.plist.strings; name = en; path = en.lproj/InfoPlist.strings; sourceTree = "<group>"; };
		809CACBC19CA9FCA00FA63B8 /* main.m */ = {isa = PBXFileReference; lastKnownFileType = sourcecode.c.objc; path = main.m; sourceTree = "<group>"; };
		809CACBE19CA9FCA00FA63B8 /* PetarDemo-Prefix.pch */ = {isa = PBXFileReference; lastKnownFileType = sourcecode.c.h; path = "PetarDemo-Prefix.pch"; sourceTree = "<group>"; };
		809CACBF19CA9FCA00FA63B8 /* com_petarnedyalkovAppDelegate.h */ = {isa = PBXFileReference; lastKnownFileType = sourcecode.c.h; path = com_petarnedyalkovAppDelegate.h; sourceTree = "<group>"; };
		809CACC019CA9FCA00FA63B8 /* com_petarnedyalkovAppDelegate.m */ = {isa = PBXFileReference; lastKnownFileType = sourcecode.c.objc; path = com_petarnedyalkovAppDelegate.m; sourceTree = "<group>"; };
		809CACC219CA9FCA00FA63B8 /* Images.xcassets */ = {isa = PBXFileReference; lastKnownFileType = folder.assetcatalog; path = Images.xcassets; sourceTree = "<group>"; };
		809CACC819CA9FCA00FA63B8 /* PetarDemoTests.xctest */ = {isa = PBXFileReference; explicitFileType = wrapper.cfbundle; includeInIndex = 0; path = PetarDemoTests.xctest; sourceTree = BUILT_PRODUCTS_DIR; };
		809CACC919CA9FCA00FA63B8 /* XCTest.framework */ = {isa = PBXFileReference; lastKnownFileType = wrapper.framework; name = XCTest.framework; path = Library/Frameworks/XCTest.framework; sourceTree = DEVELOPER_DIR; };
		809CACD119CA9FCA00FA63B8 /* PetarDemoTests-Info.plist */ = {isa = PBXFileReference; lastKnownFileType = text.plist.xml; path = "PetarDemoTests-Info.plist"; sourceTree = "<group>"; };
		809CACD319CA9FCA00FA63B8 /* en */ = {isa = PBXFileReference; lastKnownFileType = text.plist.strings; name = en; path = en.lproj/InfoPlist.strings; sourceTree = "<group>"; };
		809CACD519CA9FCA00FA63B8 /* PetarDemoTests.m */ = {isa = PBXFileReference; lastKnownFileType = sourcecode.c.objc; path = PetarDemoTests.m; sourceTree = "<group>"; };
/* End PBXFileReference section */

/* Begin PBXFrameworksBuildPhase section */
		809CACAA19CA9FCA00FA63B8 /* Frameworks */ = {
			isa = PBXFrameworksBuildPhase;
			buildActionMask = 2147483647;
			files = (
				809CACB319CA9FCA00FA63B8 /* CoreGraphics.framework in Frameworks */,
				809CACB519CA9FCA00FA63B8 /* UIKit.framework in Frameworks */,
				809CACB119CA9FCA00FA63B8 /* Foundation.framework in Frameworks */,
			);
			runOnlyForDeploymentPostprocessing = 0;
		};
		809CACC519CA9FCA00FA63B8 /* Frameworks */ = {
			isa = PBXFrameworksBuildPhase;
			buildActionMask = 2147483647;
			files = (
				809CACCA19CA9FCA00FA63B8 /* XCTest.framework in Frameworks */,
				809CACCC19CA9FCA00FA63B8 /* UIKit.framework in Frameworks */,
				809CACCB19CA9FCA00FA63B8 /* Foundation.framework in Frameworks */,
			);
			runOnlyForDeploymentPostprocessing = 0;
		};
/* End PBXFrameworksBuildPhase section */

/* Begin PBXGroup section */
		809CACA419CA9FCA00FA63B8 = {
			isa = PBXGroup;
			children = (
				809CACB619CA9FCA00FA63B8 /* PetarDemo */,
				809CACCF19CA9FCA00FA63B8 /* PetarDemoTests */,
				809CACAF19CA9FCA00FA63B8 /* Frameworks */,
				809CACAE19CA9FCA00FA63B8 /* Products */,
			);
			sourceTree = "<group>";
		};
		809CACAE19CA9FCA00FA63B8 /* Products */ = {
			isa = PBXGroup;
			children = (
				809CACAD19CA9FCA00FA63B8 /* PetarDemo.app */,
				809CACC819CA9FCA00FA63B8 /* PetarDemoTests.xctest */,
			);
			name = Products;
			sourceTree = "<group>";
		};
		809CACAF19CA9FCA00FA63B8 /* Frameworks */ = {
			isa = PBXGroup;
			children = (
				809CACB019CA9FCA00FA63B8 /* Foundation.framework */,
				809CACB219CA9FCA00FA63B8 /* CoreGraphics.framework */,
				809CACB419CA9FCA00FA63B8 /* UIKit.framework */,
				809CACC919CA9FCA00FA63B8 /* XCTest.framework */,
			);
			name = Frameworks;
			sourceTree = "<group>";
		};
		809CACB619CA9FCA00FA63B8 /* PetarDemo */ = {
			isa = PBXGroup;
			children = (
				809CACBF19CA9FCA00FA63B8 /* com_petarnedyalkovAppDelegate.h */,
				809CACC019CA9FCA00FA63B8 /* com_petarnedyalkovAppDelegate.m */,
				809CACC219CA9FCA00FA63B8 /* Images.xcassets */,
				809CACB719CA9FCA00FA63B8 /* Supporting Files */,
			);
			path = PetarDemo;
			sourceTree = "<group>";
		};
		809CACB719CA9FCA00FA63B8 /* Supporting Files */ = {
			isa = PBXGroup;
			children = (
				809CACB819CA9FCA00FA63B8 /* PetarDemo-Info.plist */,
				809CACB919CA9FCA00FA63B8 /* InfoPlist.strings */,
				809CACBC19CA9FCA00FA63B8 /* main.m */,
				809CACBE19CA9FCA00FA63B8 /* PetarDemo-Prefix.pch */,
			);
			name = "Supporting Files";
			sourceTree = "<group>";
		};
		809CACCF19CA9FCA00FA63B8 /* PetarDemoTests */ = {
			isa = PBXGroup;
			children = (
				809CACD519CA9FCA00FA63B8 /* PetarDemoTests.m */,
				809CACD019CA9FCA00FA63B8 /* Supporting Files */,
			);
			path = PetarDemoTests;
			sourceTree = "<group>";
		};
		809CACD019CA9FCA00FA63B8 /* Supporting Files */ = {
			isa = PBXGroup;
			children = (
				809CACD119CA9FCA00FA63B8 /* PetarDemoTests-Info.plist */,
				809CACD219CA9FCA00FA63B8 /* InfoPlist.strings */,
			);
			name = "Supporting Files";
			sourceTree = "<group>";
		};
/* End PBXGroup section */

/* Begin PBXNativeTarget section */
		809CACAC19CA9FCA00FA63B8 /* PetarDemo */ = {
			isa = PBXNativeTarget;
			buildConfigurationList = 809CACD919CA9FCA00FA63B8 /* Build configuration list for PBXNativeTarget "PetarDemo" */;
			buildPhases = (
				809CACA919CA9FCA00FA63B8 /* Sources */,
				809CACAA19CA9FCA00FA63B8 /* Frameworks */,
				809CACAB19CA9FCA00FA63B8 /* Resources */,
			);
			buildRules = (
			);
			dependencies = (
			);
			name = PetarDemo;
			productName = PetarDemo;
			productReference = 809CACAD19CA9FCA00FA63B8 /* PetarDemo.app */;
			productType = "com.apple.product-type.application";
		};
		809CACC719CA9FCA00FA63B8 /* PetarDemoTests */ = {
			isa = PBXNativeTarget;
			buildConfigurationList = 809CACDC19CA9FCA00FA63B8 /* Build configuration list for PBXNativeTarget "PetarDemoTests" */;
			buildPhases = (
				809CACC419CA9FCA00FA63B8 /* Sources */,
				809CACC519CA9FCA00FA63B8 /* Frameworks */,
				809CACC619CA9FCA00FA63B8 /* Resources */,
			);
			buildRules = (
			);
			dependencies = (
				809CACCE19CA9FCA00FA63B8 /* PBXTargetDependency */,
			);
			name = PetarDemoTests;
			productName = PetarDemoTests;
			productReference = 809CACC819CA9FCA00FA63B8 /* PetarDemoTests.xctest */;
			productType = "com.apple.product-type.bundle.unit-test";
		};
/* End PBXNativeTarget section */

/* Begin PBXProject section */
		809CACA519CA9FCA00FA63B8 /* Project object */ = {
			isa = PBXProject;
			attributes = {
				CLASSPREFIX = com.petarnedyalkov;
				LastUpgradeCheck = 0510;
				ORGANIZATIONNAME = "Petar Nedyalkov";
				TargetAttributes = {
					809CACC719CA9FCA00FA63B8 = {
						TestTargetID = 809CACAC19CA9FCA00FA63B8;
					};
				};
			};
			buildConfigurationList = 809CACA819CA9FCA00FA63B8 /* Build configuration list for PBXProject "PetarDemo" */;
			compatibilityVersion = "Xcode 3.2";
			developmentRegion = English;
			hasScannedForEncodings = 0;
			knownRegions = (
				en,
			);
			mainGroup = 809CACA419CA9FCA00FA63B8;
			productRefGroup = 809CACAE19CA9FCA00FA63B8 /* Products */;
			projectDirPath = "";
			projectRoot = "";
			targets = (
				809CACAC19CA9FCA00FA63B8 /* PetarDemo */,
				809CACC719CA9FCA00FA63B8 /* PetarDemoTests */,
			);
		};
/* End PBXProject section */

/* Begin PBXResourcesBuildPhase section */
		809CACAB19CA9FCA00FA63B8 /* Resources */ = {
			isa = PBXResourcesBuildPhase;
			buildActionMask = 2147483647;
			files = (
				809CACBB19CA9FCA00FA63B8 /* InfoPlist.strings in Resources */,
				809CACC319CA9FCA00FA63B8 /* Images.xcassets in Resources */,
			);
			runOnlyForDeploymentPostprocessing = 0;
		};
		809CACC619CA9FCA00FA63B8 /* Resources */ = {
			isa = PBXResourcesBuildPhase;
			buildActionMask = 2147483647;
			files = (
				809CACD419CA9FCA00FA63B8 /* InfoPlist.strings in Resources */,
			);
			runOnlyForDeploymentPostprocessing = 0;
		};
/* End PBXResourcesBuildPhase section */

/* Begin PBXSourcesBuildPhase section */
		809CACA919CA9FCA00FA63B8 /* Sources */ = {
			isa = PBXSourcesBuildPhase;
			buildActionMask = 2147483647;
			files = (
				809CACBD19CA9FCA00FA63B8 /* main.m in Sources */,
				809CACC119CA9FCA00FA63B8 /* com_petarnedyalkovAppDelegate.m in Sources */,
			);
			runOnlyForDeploymentPostprocessing = 0;
		};
		809CACC419CA9FCA00FA63B8 /* Sources */ = {
			isa = PBXSourcesBuildPhase;
			buildActionMask = 2147483647;
			files = (
				809CACD619CA9FCA00FA63B8 /* PetarDemoTests.m in Sources */,
			);
			runOnlyForDeploymentPostprocessing = 0;
		};
/* End PBXSourcesBuildPhase section */

/* Begin PBXTargetDependency section */
		809CACCE19CA9FCA00FA63B8 /* PBXTargetDependency */ = {
			isa = PBXTargetDependency;
			target = 809CACAC19CA9FCA00FA63B8 /* PetarDemo */;
			targetProxy = 809CACCD19CA9FCA00FA63B8 /* PBXContainerItemProxy */;
		};
/* End PBXTargetDependency section */

/* Begin PBXVariantGroup section */
		809CACB919CA9FCA00FA63B8 /* InfoPlist.strings */ = {
			isa = PBXVariantGroup;
			children = (
				809CACBA19CA9FCA00FA63B8 /* en */,
			);
			name = InfoPlist.strings;
			sourceTree = "<group>";
		};
		809CACD219CA9FCA00FA63B8 /* InfoPlist.strings */ = {
			isa = PBXVariantGroup;
			children = (
				809CACD319CA9FCA00FA63B8 /* en */,
			);
			name = InfoPlist.strings;
			sourceTree = "<group>";
		};
/* End PBXVariantGroup section */

/* Begin XCBuildConfiguration section */
		809CACD719CA9FCA00FA63B8 /* Debug */ = {
			isa = XCBuildConfiguration;
			buildSettings = {
				ALWAYS_SEARCH_USER_PATHS = NO;
				CLANG_CXX_LANGUAGE_STANDARD = "gnu++0x";
				CLANG_CXX_LIBRARY = "libc++";
				CLANG_ENABLE_MODULES = YES;
				CLANG_ENABLE_OBJC_ARC = YES;
				CLANG_WARN_BOOL_CONVERSION = YES;
				CLANG_WARN_CONSTANT_CONVERSION = YES;
				CLANG_WARN_DIRECT_OBJC_ISA_USAGE = YES_ERROR;
				CLANG_WARN_EMPTY_BODY = YES;
				CLANG_WARN_ENUM_CONVERSION = YES;
				CLANG_WARN_INT_CONVERSION = YES;
				CLANG_WARN_OBJC_ROOT_CLASS = YES_ERROR;
				CLANG_WARN__DUPLICATE_METHOD_MATCH = YES;
				"CODE_SIGN_IDENTITY[sdk=iphoneos*]" = "iPhone Developer";
				COPY_PHASE_STRIP = NO;
				GCC_C_LANGUAGE_STANDARD = gnu99;
				GCC_DYNAMIC_NO_PIC = NO;
				GCC_OPTIMIZATION_LEVEL = 0;
				GCC_PREPROCESSOR_DEFINITIONS = (
					"DEBUG=1",
					"$(inherited)",
				);
				GCC_SYMBOLS_PRIVATE_EXTERN = NO;
				GCC_WARN_64_TO_32_BIT_CONVERSION = YES;
				GCC_WARN_ABOUT_RETURN_TYPE = YES_ERROR;
				GCC_WARN_UNDECLARED_SELECTOR = YES;
				GCC_WARN_UNINITIALIZED_AUTOS = YES_AGGRESSIVE;
				GCC_WARN_UNUSED_FUNCTION = YES;
				GCC_WARN_UNUSED_VARIABLE = YES;
				IPHONEOS_DEPLOYMENT_TARGET = 7.1;
				ONLY_ACTIVE_ARCH = YES;
				SDKROOT = iphoneos;
				TARGETED_DEVICE_FAMILY = "1,2";
			};
			name = Debug;
		};
		809CACD819CA9FCA00FA63B8 /* Release */ = {
			isa = XCBuildConfiguration;
			buildSettings = {
				ALWAYS_SEARCH_USER_PATHS = NO;
				CLANG_CXX_LANGUAGE_STANDARD = "gnu++0x";
				CLANG_CXX_LIBRARY = "libc++";
				CLANG_ENABLE_MODULES = YES;
				CLANG_ENABLE_OBJC_ARC = YES;
				CLANG_WARN_BOOL_CONVERSION = YES;
				CLANG_WARN_CONSTANT_CONVERSION = YES;
				CLANG_WARN_DIRECT_OBJC_ISA_USAGE = YES_ERROR;
				CLANG_WARN_EMPTY_BODY = YES;
				CLANG_WARN_ENUM_CONVERSION = YES;
				CLANG_WARN_INT_CONVERSION = YES;
				CLANG_WARN_OBJC_ROOT_CLASS = YES_ERROR;
				CLANG_WARN__DUPLICATE_METHOD_MATCH = YES;
				"CODE_SIGN_IDENTITY[sdk=iphoneos*]" = "iPhone Developer";
				COPY_PHASE_STRIP = YES;
				ENABLE_NS_ASSERTIONS = NO;
				GCC_C_LANGUAGE_STANDARD = gnu99;
				GCC_WARN_64_TO_32_BIT_CONVERSION = YES;
				GCC_WARN_ABOUT_RETURN_TYPE = YES_ERROR;
				GCC_WARN_UNDECLARED_SELECTOR = YES;
				GCC_WARN_UNINITIALIZED_AUTOS = YES_AGGRESSIVE;
				GCC_WARN_UNUSED_FUNCTION = YES;
				GCC_WARN_UNUSED_VARIABLE = YES;
				IPHONEOS_DEPLOYMENT_TARGET = 7.1;
				SDKROOT = iphoneos;
				TARGETED_DEVICE_FAMILY = "1,2";
				VALIDATE_PRODUCT = YES;
			};
			name = Release;
		};
		809CACDA19CA9FCA00FA63B8 /* Debug */ = {
			isa = XCBuildConfiguration;
			buildSettings = {
				ASSETCATALOG_COMPILER_APPICON_NAME = AppIcon;
				ASSETCATALOG_COMPILER_LAUNCHIMAGE_NAME = LaunchImage;
				GCC_PRECOMPILE_PREFIX_HEADER = YES;
				GCC_PREFIX_HEADER = "PetarDemo/PetarDemo-Prefix.pch";
				INFOPLIST_FILE = "PetarDemo/PetarDemo-Info.plist";
				PRODUCT_NAME = "$(TARGET_NAME)";
				WRAPPER_EXTENSION = app;
			};
			name = Debug;
		};
		809CACDB19CA9FCA00FA63B8 /* Release */ = {
			isa = XCBuildConfiguration;
			buildSettings = {
				ASSETCATALOG_COMPILER_APPICON_NAME = AppIcon;
				ASSETCATALOG_COMPILER_LAUNCHIMAGE_NAME = LaunchImage;
				GCC_PRECOMPILE_PREFIX_HEADER = YES;
				GCC_PREFIX_HEADER = "PetarDemo/PetarDemo-Prefix.pch";
				INFOPLIST_FILE = "PetarDemo/PetarDemo-Info.plist";
				PRODUCT_NAME = "$(TARGET_NAME)";
				WRAPPER_EXTENSION = app;
			};
			name = Release;
		};
		809CACDD19CA9FCA00FA63B8 /* Debug */ = {
			isa = XCBuildConfiguration;
			buildSettings = {
				BUNDLE_LOADER = "$(BUILT_PRODUCTS_DIR)/PetarDemo.app/PetarDemo";
				FRAMEWORK_SEARCH_PATHS = (
					"$(SDKROOT)/Developer/Library/Frameworks",
					"$(inherited)",
					"$(DEVELOPER_FRAMEWORKS_DIR)",
				);
				GCC_PRECOMPILE_PREFIX_HEADER = YES;
				GCC_PREFIX_HEADER = "PetarDemo/PetarDemo-Prefix.pch";
				GCC_PREPROCESSOR_DEFINITIONS = (
					"DEBUG=1",
					"$(inherited)",
				);
				INFOPLIST_FILE = "PetarDemoTests/PetarDemoTests-Info.plist";
				PRODUCT_NAME = "$(TARGET_NAME)";
				TEST_HOST = "$(BUNDLE_LOADER)";
				WRAPPER_EXTENSION = xctest;
			};
			name = Debug;
		};
		809CACDE19CA9FCA00FA63B8 /* Release */ = {
			isa = XCBuildConfiguration;
			buildSettings = {
				BUNDLE_LOADER = "$(BUILT_PRODUCTS_DIR)/PetarDemo.app/PetarDemo";
				FRAMEWORK_SEARCH_PATHS = (
					"$(SDKROOT)/Developer/Library/Frameworks",
					"$(inherited)",
					"$(DEVELOPER_FRAMEWORKS_DIR)",
				);
				GCC_PRECOMPILE_PREFIX_HEADER = YES;
				GCC_PREFIX_HEADER = "PetarDemo/PetarDemo-Prefix.pch";
				INFOPLIST_FILE = "PetarDemoTests/PetarDemoTests-Info.plist";
				PRODUCT_NAME = "$(TARGET_NAME)";
				TEST_HOST = "$(BUNDLE_LOADER)";
				WRAPPER_EXTENSION = xctest;
			};
			name = Release;
		};
/* End XCBuildConfiguration section */

/* Begin XCConfigurationList section */
		809CACA819CA9FCA00FA63B8 /* Build configuration list for PBXProject "PetarDemo" */ = {
			isa = XCConfigurationList;
			buildConfigurations = (
				809CACD719CA9FCA00FA63B8 /* Debug */,
				809CACD819CA9FCA00FA63B8 /* Release */,
			);
			defaultConfigurationIsVisible = 0;
			defaultConfigurationName = Release;
		};
		809CACD919CA9FCA00FA63B8 /* Build configuration list for PBXNativeTarget "PetarDemo" */ = {
			isa = XCConfigurationList;
			buildConfigurations = (
				809CACDA19CA9FCA00FA63B8 /* Debug */,
				809CACDB19CA9FCA00FA63B8 /* Release */,
			);
			defaultConfigurationIsVisible = 0;
		};
		809CACDC19CA9FCA00FA63B8 /* Build configuration list for PBXNativeTarget "PetarDemoTests" */ = {
			isa = XCConfigurationList;
			buildConfigurations = (
				809CACDD19CA9FCA00FA63B8 /* Debug */,
				809CACDE19CA9FCA00FA63B8 /* Release */,
			);
			defaultConfigurationIsVisible = 0;
		};
/* End XCConfigurationList section */
	};
	rootObject = 809CACA519CA9FCA00FA63B8 /* Project object */;
}
